// !$*UTF8*$!
{
	archiveVersion = 1;
	classes = {
	};
	objectVersion = 46;
	objects = {

/* Begin PBXBuildFile section */
		4E0AA0F41CA4DC180058CEC9 /* main.m in Sources */ = {isa = PBXBuildFile; fileRef = 4E0AA0F31CA4DC180058CEC9 /* main.m */; };
		4E0AA0F71CA4DC180058CEC9 /* AppDelegate.m in Sources */ = {isa = PBXBuildFile; fileRef = 4E0AA0F61CA4DC180058CEC9 /* AppDelegate.m */; };
		4E0AA0FA1CA4DC180058CEC9 /* ViewController.m in Sources */ = {isa = PBXBuildFile; fileRef = 4E0AA0F91CA4DC180058CEC9 /* ViewController.m */; };
		4E0AA0FD1CA4DC180058CEC9 /* Main.storyboard in Resources */ = {isa = PBXBuildFile; fileRef = 4E0AA0FB1CA4DC180058CEC9 /* Main.storyboard */; };
		4E0AA0FF1CA4DC180058CEC9 /* Assets.xcassets in Resources */ = {isa = PBXBuildFile; fileRef = 4E0AA0FE1CA4DC180058CEC9 /* Assets.xcassets */; };
		4E0AA1021CA4DC180058CEC9 /* LaunchScreen.storyboard in Resources */ = {isa = PBXBuildFile; fileRef = 4E0AA1001CA4DC180058CEC9 /* LaunchScreen.storyboard */; };
		4E0AA1181CA4E08F0058CEC9 /* AFHTTPSessionManager.m in Sources */ = {isa = PBXBuildFile; fileRef = 4E0AA10C1CA4E08F0058CEC9 /* AFHTTPSessionManager.m */; };
		4E0AA1191CA4E08F0058CEC9 /* AFNetworkReachabilityManager.m in Sources */ = {isa = PBXBuildFile; fileRef = 4E0AA10F1CA4E08F0058CEC9 /* AFNetworkReachabilityManager.m */; };
		4E0AA11A1CA4E08F0058CEC9 /* AFSecurityPolicy.m in Sources */ = {isa = PBXBuildFile; fileRef = 4E0AA1111CA4E08F0058CEC9 /* AFSecurityPolicy.m */; };
		4E0AA11B1CA4E08F0058CEC9 /* AFURLRequestSerialization.m in Sources */ = {isa = PBXBuildFile; fileRef = 4E0AA1131CA4E08F0058CEC9 /* AFURLRequestSerialization.m */; };
		4E0AA11C1CA4E08F0058CEC9 /* AFURLResponseSerialization.m in Sources */ = {isa = PBXBuildFile; fileRef = 4E0AA1151CA4E08F0058CEC9 /* AFURLResponseSerialization.m */; };
		4E0AA11D1CA4E08F0058CEC9 /* AFURLSessionManager.m in Sources */ = {isa = PBXBuildFile; fileRef = 4E0AA1171CA4E08F0058CEC9 /* AFURLSessionManager.m */; };
		4E0AA14B1CA4E0B40058CEC9 /* MJRefreshAutoFooter.m in Sources */ = {isa = PBXBuildFile; fileRef = 4E0AA1211CA4E0B40058CEC9 /* MJRefreshAutoFooter.m */; };
		4E0AA14C1CA4E0B40058CEC9 /* MJRefreshBackFooter.m in Sources */ = {isa = PBXBuildFile; fileRef = 4E0AA1231CA4E0B40058CEC9 /* MJRefreshBackFooter.m */; };
		4E0AA14D1CA4E0B40058CEC9 /* MJRefreshComponent.m in Sources */ = {isa = PBXBuildFile; fileRef = 4E0AA1251CA4E0B40058CEC9 /* MJRefreshComponent.m */; };
		4E0AA14E1CA4E0B40058CEC9 /* MJRefreshFooter.m in Sources */ = {isa = PBXBuildFile; fileRef = 4E0AA1271CA4E0B40058CEC9 /* MJRefreshFooter.m */; };
		4E0AA14F1CA4E0B40058CEC9 /* MJRefreshHeader.m in Sources */ = {isa = PBXBuildFile; fileRef = 4E0AA1291CA4E0B40058CEC9 /* MJRefreshHeader.m */; };
		4E0AA1501CA4E0B40058CEC9 /* MJRefreshAutoGifFooter.m in Sources */ = {isa = PBXBuildFile; fileRef = 4E0AA12E1CA4E0B40058CEC9 /* MJRefreshAutoGifFooter.m */; };
		4E0AA1511CA4E0B40058CEC9 /* MJRefreshAutoNormalFooter.m in Sources */ = {isa = PBXBuildFile; fileRef = 4E0AA1301CA4E0B40058CEC9 /* MJRefreshAutoNormalFooter.m */; };
		4E0AA1521CA4E0B40058CEC9 /* MJRefreshAutoStateFooter.m in Sources */ = {isa = PBXBuildFile; fileRef = 4E0AA1321CA4E0B40058CEC9 /* MJRefreshAutoStateFooter.m */; };
		4E0AA1531CA4E0B40058CEC9 /* MJRefreshBackGifFooter.m in Sources */ = {isa = PBXBuildFile; fileRef = 4E0AA1351CA4E0B40058CEC9 /* MJRefreshBackGifFooter.m */; };
		4E0AA1541CA4E0B40058CEC9 /* MJRefreshBackNormalFooter.m in Sources */ = {isa = PBXBuildFile; fileRef = 4E0AA1371CA4E0B40058CEC9 /* MJRefreshBackNormalFooter.m */; };
		4E0AA1551CA4E0B40058CEC9 /* MJRefreshBackStateFooter.m in Sources */ = {isa = PBXBuildFile; fileRef = 4E0AA1391CA4E0B40058CEC9 /* MJRefreshBackStateFooter.m */; };
		4E0AA1561CA4E0B40058CEC9 /* MJRefreshGifHeader.m in Sources */ = {isa = PBXBuildFile; fileRef = 4E0AA13C1CA4E0B40058CEC9 /* MJRefreshGifHeader.m */; };
		4E0AA1571CA4E0B40058CEC9 /* MJRefreshNormalHeader.m in Sources */ = {isa = PBXBuildFile; fileRef = 4E0AA13E1CA4E0B40058CEC9 /* MJRefreshNormalHeader.m */; };
		4E0AA1581CA4E0B40058CEC9 /* MJRefreshStateHeader.m in Sources */ = {isa = PBXBuildFile; fileRef = 4E0AA1401CA4E0B40058CEC9 /* MJRefreshStateHeader.m */; };
		4E0AA1591CA4E0B40058CEC9 /* MJRefresh.bundle in Resources */ = {isa = PBXBuildFile; fileRef = 4E0AA1411CA4E0B40058CEC9 /* MJRefresh.bundle */; };
		4E0AA15A1CA4E0B40058CEC9 /* MJRefreshConst.m in Sources */ = {isa = PBXBuildFile; fileRef = 4E0AA1441CA4E0B40058CEC9 /* MJRefreshConst.m */; };
		4E0AA15B1CA4E0B40058CEC9 /* UIScrollView+MJExtension.m in Sources */ = {isa = PBXBuildFile; fileRef = 4E0AA1461CA4E0B40058CEC9 /* UIScrollView+MJExtension.m */; };
		4E0AA15C1CA4E0B40058CEC9 /* UIScrollView+MJRefresh.m in Sources */ = {isa = PBXBuildFile; fileRef = 4E0AA1481CA4E0B40058CEC9 /* UIScrollView+MJRefresh.m */; };
		4E0AA15D1CA4E0B40058CEC9 /* UIView+MJExtension.m in Sources */ = {isa = PBXBuildFile; fileRef = 4E0AA14A1CA4E0B40058CEC9 /* UIView+MJExtension.m */; };
		4E0AA15F1CA4E0D10058CEC9 /* Security.framework in Frameworks */ = {isa = PBXBuildFile; fileRef = 4E0AA15E1CA4E0D10058CEC9 /* Security.framework */; };
		4E0AA1611CA4E0D90058CEC9 /* MobileCoreServices.framework in Frameworks */ = {isa = PBXBuildFile; fileRef = 4E0AA1601CA4E0D90058CEC9 /* MobileCoreServices.framework */; };
		4E0AA1631CA4E0E10058CEC9 /* SystemConfiguration.framework in Frameworks */ = {isa = PBXBuildFile; fileRef = 4E0AA1621CA4E0E10058CEC9 /* SystemConfiguration.framework */; };
		4E0AA1681CA5049D0058CEC9 /* ConstInfo.m in Sources */ = {isa = PBXBuildFile; fileRef = 4E0AA1671CA5049D0058CEC9 /* ConstInfo.m */; };
		4E0AA16E1CA515F00058CEC9 /* BasicRequestOperation.m in Sources */ = {isa = PBXBuildFile; fileRef = 4E0AA16D1CA515F00058CEC9 /* BasicRequestOperation.m */; };
		4E0AA1711CA530C90058CEC9 /* BasicRequestManagerQueue.m in Sources */ = {isa = PBXBuildFile; fileRef = 4E0AA1701CA530C90058CEC9 /* BasicRequestManagerQueue.m */; };
		4E0AA1761CA53D590058CEC9 /* CityListRequestOperation.m in Sources */ = {isa = PBXBuildFile; fileRef = 4E0AA1751CA53D590058CEC9 /* CityListRequestOperation.m */; };
		4E0AA1791CA5441C0058CEC9 /* BaseViewController.m in Sources */ = {isa = PBXBuildFile; fileRef = 4E0AA1781CA5441C0058CEC9 /* BaseViewController.m */; };
		4E0AA17F1CA548020058CEC9 /* RecentWeathersRequestOperation.m in Sources */ = {isa = PBXBuildFile; fileRef = 4E0AA17E1CA548020058CEC9 /* RecentWeathersRequestOperation.m */; };
		4E0AA1821CA5482B0058CEC9 /* WeatherRequestOperation.m in Sources */ = {isa = PBXBuildFile; fileRef = 4E0AA1811CA5482B0058CEC9 /* WeatherRequestOperation.m */; };
		4E0AA1851CA548630058CEC9 /* CityNameRequestOperation.m in Sources */ = {isa = PBXBuildFile; fileRef = 4E0AA1841CA548630058CEC9 /* CityNameRequestOperation.m */; };
		4E0AA1881CA5487E0058CEC9 /* CityInfoRequestOperation.m in Sources */ = {isa = PBXBuildFile; fileRef = 4E0AA1871CA5487E0058CEC9 /* CityInfoRequestOperation.m */; };
		4E0AA18B1CA548AC0058CEC9 /* CityIdRequestOperation.m in Sources */ = {isa = PBXBuildFile; fileRef = 4E0AA18A1CA548AC0058CEC9 /* CityIdRequestOperation.m */; };
/* End PBXBuildFile section */

/* Begin PBXFileReference section */
		4E0AA0EF1CA4DC180058CEC9 /* OWeather.app */ = {isa = PBXFileReference; explicitFileType = wrapper.application; includeInIndex = 0; path = OWeather.app; sourceTree = BUILT_PRODUCTS_DIR; };
		4E0AA0F31CA4DC180058CEC9 /* main.m */ = {isa = PBXFileReference; lastKnownFileType = sourcecode.c.objc; path = main.m; sourceTree = "<group>"; };
		4E0AA0F51CA4DC180058CEC9 /* AppDelegate.h */ = {isa = PBXFileReference; lastKnownFileType = sourcecode.c.h; path = AppDelegate.h; sourceTree = "<group>"; };
		4E0AA0F61CA4DC180058CEC9 /* AppDelegate.m */ = {isa = PBXFileReference; lastKnownFileType = sourcecode.c.objc; path = AppDelegate.m; sourceTree = "<group>"; };
		4E0AA0F81CA4DC180058CEC9 /* ViewController.h */ = {isa = PBXFileReference; lastKnownFileType = sourcecode.c.h; path = ViewController.h; sourceTree = "<group>"; };
		4E0AA0F91CA4DC180058CEC9 /* ViewController.m */ = {isa = PBXFileReference; lastKnownFileType = sourcecode.c.objc; path = ViewController.m; sourceTree = "<group>"; };
		4E0AA0FC1CA4DC180058CEC9 /* Base */ = {isa = PBXFileReference; lastKnownFileType = file.storyboard; name = Base; path = Base.lproj/Main.storyboard; sourceTree = "<group>"; };
		4E0AA0FE1CA4DC180058CEC9 /* Assets.xcassets */ = {isa = PBXFileReference; lastKnownFileType = folder.assetcatalog; path = Assets.xcassets; sourceTree = "<group>"; };
		4E0AA1011CA4DC180058CEC9 /* Base */ = {isa = PBXFileReference; lastKnownFileType = file.storyboard; name = Base; path = Base.lproj/LaunchScreen.storyboard; sourceTree = "<group>"; };
		4E0AA1031CA4DC180058CEC9 /* Info.plist */ = {isa = PBXFileReference; lastKnownFileType = text.plist.xml; path = Info.plist; sourceTree = "<group>"; };
		4E0AA10B1CA4E08F0058CEC9 /* AFHTTPSessionManager.h */ = {isa = PBXFileReference; fileEncoding = 4; lastKnownFileType = sourcecode.c.h; path = AFHTTPSessionManager.h; sourceTree = "<group>"; };
		4E0AA10C1CA4E08F0058CEC9 /* AFHTTPSessionManager.m */ = {isa = PBXFileReference; fileEncoding = 4; lastKnownFileType = sourcecode.c.objc; path = AFHTTPSessionManager.m; sourceTree = "<group>"; };
		4E0AA10D1CA4E08F0058CEC9 /* AFNetworking.h */ = {isa = PBXFileReference; fileEncoding = 4; lastKnownFileType = sourcecode.c.h; path = AFNetworking.h; sourceTree = "<group>"; };
		4E0AA10E1CA4E08F0058CEC9 /* AFNetworkReachabilityManager.h */ = {isa = PBXFileReference; fileEncoding = 4; lastKnownFileType = sourcecode.c.h; path = AFNetworkReachabilityManager.h; sourceTree = "<group>"; };
		4E0AA10F1CA4E08F0058CEC9 /* AFNetworkReachabilityManager.m */ = {isa = PBXFileReference; fileEncoding = 4; lastKnownFileType = sourcecode.c.objc; path = AFNetworkReachabilityManager.m; sourceTree = "<group>"; };
		4E0AA1101CA4E08F0058CEC9 /* AFSecurityPolicy.h */ = {isa = PBXFileReference; fileEncoding = 4; lastKnownFileType = sourcecode.c.h; path = AFSecurityPolicy.h; sourceTree = "<group>"; };
		4E0AA1111CA4E08F0058CEC9 /* AFSecurityPolicy.m */ = {isa = PBXFileReference; fileEncoding = 4; lastKnownFileType = sourcecode.c.objc; path = AFSecurityPolicy.m; sourceTree = "<group>"; };
		4E0AA1121CA4E08F0058CEC9 /* AFURLRequestSerialization.h */ = {isa = PBXFileReference; fileEncoding = 4; lastKnownFileType = sourcecode.c.h; path = AFURLRequestSerialization.h; sourceTree = "<group>"; };
		4E0AA1131CA4E08F0058CEC9 /* AFURLRequestSerialization.m */ = {isa = PBXFileReference; fileEncoding = 4; lastKnownFileType = sourcecode.c.objc; path = AFURLRequestSerialization.m; sourceTree = "<group>"; };
		4E0AA1141CA4E08F0058CEC9 /* AFURLResponseSerialization.h */ = {isa = PBXFileReference; fileEncoding = 4; lastKnownFileType = sourcecode.c.h; path = AFURLResponseSerialization.h; sourceTree = "<group>"; };
		4E0AA1151CA4E08F0058CEC9 /* AFURLResponseSerialization.m */ = {isa = PBXFileReference; fileEncoding = 4; lastKnownFileType = sourcecode.c.objc; path = AFURLResponseSerialization.m; sourceTree = "<group>"; };
		4E0AA1161CA4E08F0058CEC9 /* AFURLSessionManager.h */ = {isa = PBXFileReference; fileEncoding = 4; lastKnownFileType = sourcecode.c.h; path = AFURLSessionManager.h; sourceTree = "<group>"; };
		4E0AA1171CA4E08F0058CEC9 /* AFURLSessionManager.m */ = {isa = PBXFileReference; fileEncoding = 4; lastKnownFileType = sourcecode.c.objc; path = AFURLSessionManager.m; sourceTree = "<group>"; };
		4E0AA1201CA4E0B40058CEC9 /* MJRefreshAutoFooter.h */ = {isa = PBXFileReference; fileEncoding = 4; lastKnownFileType = sourcecode.c.h; path = MJRefreshAutoFooter.h; sourceTree = "<group>"; };
		4E0AA1211CA4E0B40058CEC9 /* MJRefreshAutoFooter.m */ = {isa = PBXFileReference; fileEncoding = 4; lastKnownFileType = sourcecode.c.objc; path = MJRefreshAutoFooter.m; sourceTree = "<group>"; };
		4E0AA1221CA4E0B40058CEC9 /* MJRefreshBackFooter.h */ = {isa = PBXFileReference; fileEncoding = 4; lastKnownFileType = sourcecode.c.h; path = MJRefreshBackFooter.h; sourceTree = "<group>"; };
		4E0AA1231CA4E0B40058CEC9 /* MJRefreshBackFooter.m */ = {isa = PBXFileReference; fileEncoding = 4; lastKnownFileType = sourcecode.c.objc; path = MJRefreshBackFooter.m; sourceTree = "<group>"; };
		4E0AA1241CA4E0B40058CEC9 /* MJRefreshComponent.h */ = {isa = PBXFileReference; fileEncoding = 4; lastKnownFileType = sourcecode.c.h; path = MJRefreshComponent.h; sourceTree = "<group>"; };
		4E0AA1251CA4E0B40058CEC9 /* MJRefreshComponent.m */ = {isa = PBXFileReference; fileEncoding = 4; lastKnownFileType = sourcecode.c.objc; path = MJRefreshComponent.m; sourceTree = "<group>"; };
		4E0AA1261CA4E0B40058CEC9 /* MJRefreshFooter.h */ = {isa = PBXFileReference; fileEncoding = 4; lastKnownFileType = sourcecode.c.h; path = MJRefreshFooter.h; sourceTree = "<group>"; };
		4E0AA1271CA4E0B40058CEC9 /* MJRefreshFooter.m */ = {isa = PBXFileReference; fileEncoding = 4; lastKnownFileType = sourcecode.c.objc; path = MJRefreshFooter.m; sourceTree = "<group>"; };
		4E0AA1281CA4E0B40058CEC9 /* MJRefreshHeader.h */ = {isa = PBXFileReference; fileEncoding = 4; lastKnownFileType = sourcecode.c.h; path = MJRefreshHeader.h; sourceTree = "<group>"; };
		4E0AA1291CA4E0B40058CEC9 /* MJRefreshHeader.m */ = {isa = PBXFileReference; fileEncoding = 4; lastKnownFileType = sourcecode.c.objc; path = MJRefreshHeader.m; sourceTree = "<group>"; };
		4E0AA12D1CA4E0B40058CEC9 /* MJRefreshAutoGifFooter.h */ = {isa = PBXFileReference; fileEncoding = 4; lastKnownFileType = sourcecode.c.h; path = MJRefreshAutoGifFooter.h; sourceTree = "<group>"; };
		4E0AA12E1CA4E0B40058CEC9 /* MJRefreshAutoGifFooter.m */ = {isa = PBXFileReference; fileEncoding = 4; lastKnownFileType = sourcecode.c.objc; path = MJRefreshAutoGifFooter.m; sourceTree = "<group>"; };
		4E0AA12F1CA4E0B40058CEC9 /* MJRefreshAutoNormalFooter.h */ = {isa = PBXFileReference; fileEncoding = 4; lastKnownFileType = sourcecode.c.h; path = MJRefreshAutoNormalFooter.h; sourceTree = "<group>"; };
		4E0AA1301CA4E0B40058CEC9 /* MJRefreshAutoNormalFooter.m */ = {isa = PBXFileReference; fileEncoding = 4; lastKnownFileType = sourcecode.c.objc; path = MJRefreshAutoNormalFooter.m; sourceTree = "<group>"; };
		4E0AA1311CA4E0B40058CEC9 /* MJRefreshAutoStateFooter.h */ = {isa = PBXFileReference; fileEncoding = 4; lastKnownFileType = sourcecode.c.h; path = MJRefreshAutoStateFooter.h; sourceTree = "<group>"; };
		4E0AA1321CA4E0B40058CEC9 /* MJRefreshAutoStateFooter.m */ = {isa = PBXFileReference; fileEncoding = 4; lastKnownFileType = sourcecode.c.objc; path = MJRefreshAutoStateFooter.m; sourceTree = "<group>"; };
		4E0AA1341CA4E0B40058CEC9 /* MJRefreshBackGifFooter.h */ = {isa = PBXFileReference; fileEncoding = 4; lastKnownFileType = sourcecode.c.h; path = MJRefreshBackGifFooter.h; sourceTree = "<group>"; };
		4E0AA1351CA4E0B40058CEC9 /* MJRefreshBackGifFooter.m */ = {isa = PBXFileReference; fileEncoding = 4; lastKnownFileType = sourcecode.c.objc; path = MJRefreshBackGifFooter.m; sourceTree = "<group>"; };
		4E0AA1361CA4E0B40058CEC9 /* MJRefreshBackNormalFooter.h */ = {isa = PBXFileReference; fileEncoding = 4; lastKnownFileType = sourcecode.c.h; path = MJRefreshBackNormalFooter.h; sourceTree = "<group>"; };
		4E0AA1371CA4E0B40058CEC9 /* MJRefreshBackNormalFooter.m */ = {isa = PBXFileReference; fileEncoding = 4; lastKnownFileType = sourcecode.c.objc; path = MJRefreshBackNormalFooter.m; sourceTree = "<group>"; };
		4E0AA1381CA4E0B40058CEC9 /* MJRefreshBackStateFooter.h */ = {isa = PBXFileReference; fileEncoding = 4; lastKnownFileType = sourcecode.c.h; path = MJRefreshBackStateFooter.h; sourceTree = "<group>"; };
		4E0AA1391CA4E0B40058CEC9 /* MJRefreshBackStateFooter.m */ = {isa = PBXFileReference; fileEncoding = 4; lastKnownFileType = sourcecode.c.objc; path = MJRefreshBackStateFooter.m; sourceTree = "<group>"; };
		4E0AA13B1CA4E0B40058CEC9 /* MJRefreshGifHeader.h */ = {isa = PBXFileReference; fileEncoding = 4; lastKnownFileType = sourcecode.c.h; path = MJRefreshGifHeader.h; sourceTree = "<group>"; };
		4E0AA13C1CA4E0B40058CEC9 /* MJRefreshGifHeader.m */ = {isa = PBXFileReference; fileEncoding = 4; lastKnownFileType = sourcecode.c.objc; path = MJRefreshGifHeader.m; sourceTree = "<group>"; };
		4E0AA13D1CA4E0B40058CEC9 /* MJRefreshNormalHeader.h */ = {isa = PBXFileReference; fileEncoding = 4; lastKnownFileType = sourcecode.c.h; path = MJRefreshNormalHeader.h; sourceTree = "<group>"; };
		4E0AA13E1CA4E0B40058CEC9 /* MJRefreshNormalHeader.m */ = {isa = PBXFileReference; fileEncoding = 4; lastKnownFileType = sourcecode.c.objc; path = MJRefreshNormalHeader.m; sourceTree = "<group>"; };
		4E0AA13F1CA4E0B40058CEC9 /* MJRefreshStateHeader.h */ = {isa = PBXFileReference; fileEncoding = 4; lastKnownFileType = sourcecode.c.h; path = MJRefreshStateHeader.h; sourceTree = "<group>"; };
		4E0AA1401CA4E0B40058CEC9 /* MJRefreshStateHeader.m */ = {isa = PBXFileReference; fileEncoding = 4; lastKnownFileType = sourcecode.c.objc; path = MJRefreshStateHeader.m; sourceTree = "<group>"; };
		4E0AA1411CA4E0B40058CEC9 /* MJRefresh.bundle */ = {isa = PBXFileReference; lastKnownFileType = "wrapper.plug-in"; path = MJRefresh.bundle; sourceTree = "<group>"; };
		4E0AA1421CA4E0B40058CEC9 /* MJRefresh.h */ = {isa = PBXFileReference; fileEncoding = 4; lastKnownFileType = sourcecode.c.h; path = MJRefresh.h; sourceTree = "<group>"; };
		4E0AA1431CA4E0B40058CEC9 /* MJRefreshConst.h */ = {isa = PBXFileReference; fileEncoding = 4; lastKnownFileType = sourcecode.c.h; path = MJRefreshConst.h; sourceTree = "<group>"; };
		4E0AA1441CA4E0B40058CEC9 /* MJRefreshConst.m */ = {isa = PBXFileReference; fileEncoding = 4; lastKnownFileType = sourcecode.c.objc; path = MJRefreshConst.m; sourceTree = "<group>"; };
		4E0AA1451CA4E0B40058CEC9 /* UIScrollView+MJExtension.h */ = {isa = PBXFileReference; fileEncoding = 4; lastKnownFileType = sourcecode.c.h; path = "UIScrollView+MJExtension.h"; sourceTree = "<group>"; };
		4E0AA1461CA4E0B40058CEC9 /* UIScrollView+MJExtension.m */ = {isa = PBXFileReference; fileEncoding = 4; lastKnownFileType = sourcecode.c.objc; path = "UIScrollView+MJExtension.m"; sourceTree = "<group>"; };
		4E0AA1471CA4E0B40058CEC9 /* UIScrollView+MJRefresh.h */ = {isa = PBXFileReference; fileEncoding = 4; lastKnownFileType = sourcecode.c.h; path = "UIScrollView+MJRefresh.h"; sourceTree = "<group>"; };
		4E0AA1481CA4E0B40058CEC9 /* UIScrollView+MJRefresh.m */ = {isa = PBXFileReference; fileEncoding = 4; lastKnownFileType = sourcecode.c.objc; path = "UIScrollView+MJRefresh.m"; sourceTree = "<group>"; };
		4E0AA1491CA4E0B40058CEC9 /* UIView+MJExtension.h */ = {isa = PBXFileReference; fileEncoding = 4; lastKnownFileType = sourcecode.c.h; path = "UIView+MJExtension.h"; sourceTree = "<group>"; };
		4E0AA14A1CA4E0B40058CEC9 /* UIView+MJExtension.m */ = {isa = PBXFileReference; fileEncoding = 4; lastKnownFileType = sourcecode.c.objc; path = "UIView+MJExtension.m"; sourceTree = "<group>"; };
		4E0AA15E1CA4E0D10058CEC9 /* Security.framework */ = {isa = PBXFileReference; lastKnownFileType = wrapper.framework; name = Security.framework; path = System/Library/Frameworks/Security.framework; sourceTree = SDKROOT; };
		4E0AA1601CA4E0D90058CEC9 /* MobileCoreServices.framework */ = {isa = PBXFileReference; lastKnownFileType = wrapper.framework; name = MobileCoreServices.framework; path = System/Library/Frameworks/MobileCoreServices.framework; sourceTree = SDKROOT; };
		4E0AA1621CA4E0E10058CEC9 /* SystemConfiguration.framework */ = {isa = PBXFileReference; lastKnownFileType = wrapper.framework; name = SystemConfiguration.framework; path = System/Library/Frameworks/SystemConfiguration.framework; sourceTree = SDKROOT; };
		4E0AA1651CA4E1430058CEC9 /* Prefix.pch */ = {isa = PBXFileReference; lastKnownFileType = sourcecode.c.h; name = Prefix.pch; path = ../Prefix.pch; sourceTree = "<group>"; };
		4E0AA1661CA5049D0058CEC9 /* ConstInfo.h */ = {isa = PBXFileReference; fileEncoding = 4; lastKnownFileType = sourcecode.c.h; name = ConstInfo.h; path = ../ConstInfo.h; sourceTree = "<group>"; };
		4E0AA1671CA5049D0058CEC9 /* ConstInfo.m */ = {isa = PBXFileReference; fileEncoding = 4; lastKnownFileType = sourcecode.c.objc; name = ConstInfo.m; path = ../ConstInfo.m; sourceTree = "<group>"; };
		4E0AA16C1CA515F00058CEC9 /* BasicRequestOperation.h */ = {isa = PBXFileReference; fileEncoding = 4; lastKnownFileType = sourcecode.c.h; name = BasicRequestOperation.h; path = ../BasicRequestOperation.h; sourceTree = "<group>"; };
		4E0AA16D1CA515F00058CEC9 /* BasicRequestOperation.m */ = {isa = PBXFileReference; fileEncoding = 4; lastKnownFileType = sourcecode.c.objc; name = BasicRequestOperation.m; path = ../BasicRequestOperation.m; sourceTree = "<group>"; };
		4E0AA16F1CA530C90058CEC9 /* BasicRequestManagerQueue.h */ = {isa = PBXFileReference; fileEncoding = 4; lastKnownFileType = sourcecode.c.h; name = BasicRequestManagerQueue.h; path = ../BasicRequestManagerQueue.h; sourceTree = "<group>"; };
		4E0AA1701CA530C90058CEC9 /* BasicRequestManagerQueue.m */ = {isa = PBXFileReference; fileEncoding = 4; lastKnownFileType = sourcecode.c.objc; name = BasicRequestManagerQueue.m; path = ../BasicRequestManagerQueue.m; sourceTree = "<group>"; };
		4E0AA1741CA53D590058CEC9 /* CityListRequestOperation.h */ = {isa = PBXFileReference; fileEncoding = 4; lastKnownFileType = sourcecode.c.h; name = CityListRequestOperation.h; path = OWeather/NWKModel/CityListRequestOperation.h; sourceTree = SOURCE_ROOT; };
		4E0AA1751CA53D590058CEC9 /* CityListRequestOperation.m */ = {isa = PBXFileReference; fileEncoding = 4; lastKnownFileType = sourcecode.c.objc; name = CityListRequestOperation.m; path = OWeather/NWKModel/CityListRequestOperation.m; sourceTree = SOURCE_ROOT; };
		4E0AA1771CA5441C0058CEC9 /* BaseViewController.h */ = {isa = PBXFileReference; fileEncoding = 4; lastKnownFileType = sourcecode.c.h; path = BaseViewController.h; sourceTree = "<group>"; };
		4E0AA1781CA5441C0058CEC9 /* BaseViewController.m */ = {isa = PBXFileReference; fileEncoding = 4; lastKnownFileType = sourcecode.c.objc; path = BaseViewController.m; sourceTree = "<group>"; };
		4E0AA17D1CA548020058CEC9 /* RecentWeathersRequestOperation.h */ = {isa = PBXFileReference; fileEncoding = 4; lastKnownFileType = sourcecode.c.h; name = RecentWeathersRequestOperation.h; path = OWeather/NWKModel/RecentWeathersRequestOperation.h; sourceTree = SOURCE_ROOT; };
		4E0AA17E1CA548020058CEC9 /* RecentWeathersRequestOperation.m */ = {isa = PBXFileReference; fileEncoding = 4; lastKnownFileType = sourcecode.c.objc; name = RecentWeathersRequestOperation.m; path = OWeather/NWKModel/RecentWeathersRequestOperation.m; sourceTree = SOURCE_ROOT; };
		4E0AA1801CA5482B0058CEC9 /* WeatherRequestOperation.h */ = {isa = PBXFileReference; fileEncoding = 4; lastKnownFileType = sourcecode.c.h; name = WeatherRequestOperation.h; path = OWeather/NWKModel/WeatherRequestOperation.h; sourceTree = SOURCE_ROOT; };
		4E0AA1811CA5482B0058CEC9 /* WeatherRequestOperation.m */ = {isa = PBXFileReference; fileEncoding = 4; lastKnownFileType = sourcecode.c.objc; name = WeatherRequestOperation.m; path = OWeather/NWKModel/WeatherRequestOperation.m; sourceTree = SOURCE_ROOT; };
		4E0AA1831CA548630058CEC9 /* CityNameRequestOperation.h */ = {isa = PBXFileReference; fileEncoding = 4; lastKnownFileType = sourcecode.c.h; name = CityNameRequestOperation.h; path = OWeather/NWKModel/CityNameRequestOperation.h; sourceTree = SOURCE_ROOT; };
		4E0AA1841CA548630058CEC9 /* CityNameRequestOperation.m */ = {isa = PBXFileReference; fileEncoding = 4; lastKnownFileType = sourcecode.c.objc; name = CityNameRequestOperation.m; path = OWeather/NWKModel/CityNameRequestOperation.m; sourceTree = SOURCE_ROOT; };
		4E0AA1861CA5487E0058CEC9 /* CityInfoRequestOperation.h */ = {isa = PBXFileReference; fileEncoding = 4; lastKnownFileType = sourcecode.c.h; name = CityInfoRequestOperation.h; path = OWeather/NWKModel/CityInfoRequestOperation.h; sourceTree = SOURCE_ROOT; };
		4E0AA1871CA5487E0058CEC9 /* CityInfoRequestOperation.m */ = {isa = PBXFileReference; fileEncoding = 4; lastKnownFileType = sourcecode.c.objc; name = CityInfoRequestOperation.m; path = OWeather/NWKModel/CityInfoRequestOperation.m; sourceTree = SOURCE_ROOT; };
		4E0AA1891CA548AC0058CEC9 /* CityIdRequestOperation.h */ = {isa = PBXFileReference; fileEncoding = 4; lastKnownFileType = sourcecode.c.h; name = CityIdRequestOperation.h; path = OWeather/NWKModel/CityIdRequestOperation.h; sourceTree = SOURCE_ROOT; };
		4E0AA18A1CA548AC0058CEC9 /* CityIdRequestOperation.m */ = {isa = PBXFileReference; fileEncoding = 4; lastKnownFileType = sourcecode.c.objc; name = CityIdRequestOperation.m; path = OWeather/NWKModel/CityIdRequestOperation.m; sourceTree = SOURCE_ROOT; };
/* End PBXFileReference section */

/* Begin PBXFrameworksBuildPhase section */
		4E0AA0EC1CA4DC180058CEC9 /* Frameworks */ = {
			isa = PBXFrameworksBuildPhase;
			buildActionMask = 2147483647;
			files = (
				4E0AA1631CA4E0E10058CEC9 /* SystemConfiguration.framework in Frameworks */,
				4E0AA1611CA4E0D90058CEC9 /* MobileCoreServices.framework in Frameworks */,
				4E0AA15F1CA4E0D10058CEC9 /* Security.framework in Frameworks */,
			);
			runOnlyForDeploymentPostprocessing = 0;
		};
/* End PBXFrameworksBuildPhase section */

/* Begin PBXGroup section */
		4E0AA0E61CA4DC180058CEC9 = {
			isa = PBXGroup;
			children = (
				4E0AA16B1CA515C60058CEC9 /* Libs */,
				4E0AA0F11CA4DC180058CEC9 /* OWeather */,
				4E0AA0F01CA4DC180058CEC9 /* Products */,
			);
			sourceTree = "<group>";
		};
		4E0AA0F01CA4DC180058CEC9 /* Products */ = {
			isa = PBXGroup;
			children = (
				4E0AA0EF1CA4DC180058CEC9 /* OWeather.app */,
			);
			name = Products;
			sourceTree = "<group>";
		};
		4E0AA0F11CA4DC180058CEC9 /* OWeather */ = {
			isa = PBXGroup;
			children = (
				4E0AA18C1CA548CA0058CEC9 /* Common */,
				4E0AA1731CA53BAF0058CEC9 /* NWKModel */,
				4E0AA1691CA5158E0058CEC9 /* Model */,
				4E0AA0F51CA4DC180058CEC9 /* AppDelegate.h */,
				4E0AA0F61CA4DC180058CEC9 /* AppDelegate.m */,
				4E0AA1771CA5441C0058CEC9 /* BaseViewController.h */,
				4E0AA1781CA5441C0058CEC9 /* BaseViewController.m */,
				4E0AA0F81CA4DC180058CEC9 /* ViewController.h */,
				4E0AA0F91CA4DC180058CEC9 /* ViewController.m */,
				4E0AA0FE1CA4DC180058CEC9 /* Assets.xcassets */,
				4E0AA0F21CA4DC180058CEC9 /* Supporting Files */,
			);
			path = OWeather;
			sourceTree = "<group>";
		};
		4E0AA0F21CA4DC180058CEC9 /* Supporting Files */ = {
			isa = PBXGroup;
			children = (
				4E0AA0FB1CA4DC180058CEC9 /* Main.storyboard */,
				4E0AA1001CA4DC180058CEC9 /* LaunchScreen.storyboard */,
				4E0AA1031CA4DC180058CEC9 /* Info.plist */,
				4E0AA0F31CA4DC180058CEC9 /* main.m */,
			);
			name = "Supporting Files";
			sourceTree = "<group>";
		};
		4E0AA1091CA4DD630058CEC9 /* ThridLib */ = {
			isa = PBXGroup;
			children = (
				4E0AA11E1CA4E0B40058CEC9 /* MJRefresh */,
				4E0AA10A1CA4E08F0058CEC9 /* AFNetworking */,
			);
			path = ThridLib;
			sourceTree = "<group>";
		};
		4E0AA10A1CA4E08F0058CEC9 /* AFNetworking */ = {
			isa = PBXGroup;
			children = (
				4E0AA10B1CA4E08F0058CEC9 /* AFHTTPSessionManager.h */,
				4E0AA10C1CA4E08F0058CEC9 /* AFHTTPSessionManager.m */,
				4E0AA10D1CA4E08F0058CEC9 /* AFNetworking.h */,
				4E0AA10E1CA4E08F0058CEC9 /* AFNetworkReachabilityManager.h */,
				4E0AA10F1CA4E08F0058CEC9 /* AFNetworkReachabilityManager.m */,
				4E0AA1101CA4E08F0058CEC9 /* AFSecurityPolicy.h */,
				4E0AA1111CA4E08F0058CEC9 /* AFSecurityPolicy.m */,
				4E0AA1121CA4E08F0058CEC9 /* AFURLRequestSerialization.h */,
				4E0AA1131CA4E08F0058CEC9 /* AFURLRequestSerialization.m */,
				4E0AA1141CA4E08F0058CEC9 /* AFURLResponseSerialization.h */,
				4E0AA1151CA4E08F0058CEC9 /* AFURLResponseSerialization.m */,
				4E0AA1161CA4E08F0058CEC9 /* AFURLSessionManager.h */,
				4E0AA1171CA4E08F0058CEC9 /* AFURLSessionManager.m */,
			);
			path = AFNetworking;
			sourceTree = "<group>";
		};
		4E0AA11E1CA4E0B40058CEC9 /* MJRefresh */ = {
			isa = PBXGroup;
			children = (
				4E0AA11F1CA4E0B40058CEC9 /* Base */,
				4E0AA12A1CA4E0B40058CEC9 /* Custom */,
				4E0AA1411CA4E0B40058CEC9 /* MJRefresh.bundle */,
				4E0AA1421CA4E0B40058CEC9 /* MJRefresh.h */,
				4E0AA1431CA4E0B40058CEC9 /* MJRefreshConst.h */,
				4E0AA1441CA4E0B40058CEC9 /* MJRefreshConst.m */,
				4E0AA1451CA4E0B40058CEC9 /* UIScrollView+MJExtension.h */,
				4E0AA1461CA4E0B40058CEC9 /* UIScrollView+MJExtension.m */,
				4E0AA1471CA4E0B40058CEC9 /* UIScrollView+MJRefresh.h */,
				4E0AA1481CA4E0B40058CEC9 /* UIScrollView+MJRefresh.m */,
				4E0AA1491CA4E0B40058CEC9 /* UIView+MJExtension.h */,
				4E0AA14A1CA4E0B40058CEC9 /* UIView+MJExtension.m */,
			);
			path = MJRefresh;
			sourceTree = "<group>";
		};
		4E0AA11F1CA4E0B40058CEC9 /* Base */ = {
			isa = PBXGroup;
			children = (
				4E0AA1201CA4E0B40058CEC9 /* MJRefreshAutoFooter.h */,
				4E0AA1211CA4E0B40058CEC9 /* MJRefreshAutoFooter.m */,
				4E0AA1221CA4E0B40058CEC9 /* MJRefreshBackFooter.h */,
				4E0AA1231CA4E0B40058CEC9 /* MJRefreshBackFooter.m */,
				4E0AA1241CA4E0B40058CEC9 /* MJRefreshComponent.h */,
				4E0AA1251CA4E0B40058CEC9 /* MJRefreshComponent.m */,
				4E0AA1261CA4E0B40058CEC9 /* MJRefreshFooter.h */,
				4E0AA1271CA4E0B40058CEC9 /* MJRefreshFooter.m */,
				4E0AA1281CA4E0B40058CEC9 /* MJRefreshHeader.h */,
				4E0AA1291CA4E0B40058CEC9 /* MJRefreshHeader.m */,
			);
			path = Base;
			sourceTree = "<group>";
		};
		4E0AA12A1CA4E0B40058CEC9 /* Custom */ = {
			isa = PBXGroup;
			children = (
				4E0AA12B1CA4E0B40058CEC9 /* Footer */,
				4E0AA13A1CA4E0B40058CEC9 /* Header */,
			);
			path = Custom;
			sourceTree = "<group>";
		};
		4E0AA12B1CA4E0B40058CEC9 /* Footer */ = {
			isa = PBXGroup;
			children = (
				4E0AA12C1CA4E0B40058CEC9 /* Auto */,
				4E0AA1331CA4E0B40058CEC9 /* Back */,
			);
			path = Footer;
			sourceTree = "<group>";
		};
		4E0AA12C1CA4E0B40058CEC9 /* Auto */ = {
			isa = PBXGroup;
			children = (
				4E0AA12D1CA4E0B40058CEC9 /* MJRefreshAutoGifFooter.h */,
				4E0AA12E1CA4E0B40058CEC9 /* MJRefreshAutoGifFooter.m */,
				4E0AA12F1CA4E0B40058CEC9 /* MJRefreshAutoNormalFooter.h */,
				4E0AA1301CA4E0B40058CEC9 /* MJRefreshAutoNormalFooter.m */,
				4E0AA1311CA4E0B40058CEC9 /* MJRefreshAutoStateFooter.h */,
				4E0AA1321CA4E0B40058CEC9 /* MJRefreshAutoStateFooter.m */,
			);
			path = Auto;
			sourceTree = "<group>";
		};
		4E0AA1331CA4E0B40058CEC9 /* Back */ = {
			isa = PBXGroup;
			children = (
				4E0AA1341CA4E0B40058CEC9 /* MJRefreshBackGifFooter.h */,
				4E0AA1351CA4E0B40058CEC9 /* MJRefreshBackGifFooter.m */,
				4E0AA1361CA4E0B40058CEC9 /* MJRefreshBackNormalFooter.h */,
				4E0AA1371CA4E0B40058CEC9 /* MJRefreshBackNormalFooter.m */,
				4E0AA1381CA4E0B40058CEC9 /* MJRefreshBackStateFooter.h */,
				4E0AA1391CA4E0B40058CEC9 /* MJRefreshBackStateFooter.m */,
			);
			path = Back;
			sourceTree = "<group>";
		};
		4E0AA13A1CA4E0B40058CEC9 /* Header */ = {
			isa = PBXGroup;
			children = (
				4E0AA13B1CA4E0B40058CEC9 /* MJRefreshGifHeader.h */,
				4E0AA13C1CA4E0B40058CEC9 /* MJRefreshGifHeader.m */,
				4E0AA13D1CA4E0B40058CEC9 /* MJRefreshNormalHeader.h */,
				4E0AA13E1CA4E0B40058CEC9 /* MJRefreshNormalHeader.m */,
				4E0AA13F1CA4E0B40058CEC9 /* MJRefreshStateHeader.h */,
				4E0AA1401CA4E0B40058CEC9 /* MJRefreshStateHeader.m */,
			);
			path = Header;
			sourceTree = "<group>";
		};
		4E0AA1641CA4E10E0058CEC9 /* SysLib */ = {
			isa = PBXGroup;
			children = (
				4E0AA1621CA4E0E10058CEC9 /* SystemConfiguration.framework */,
				4E0AA1601CA4E0D90058CEC9 /* MobileCoreServices.framework */,
				4E0AA15E1CA4E0D10058CEC9 /* Security.framework */,
			);
			path = SysLib;
			sourceTree = "<group>";
		};
		4E0AA1691CA5158E0058CEC9 /* Model */ = {
			isa = PBXGroup;
			children = (
			);
			path = Model;
			sourceTree = "<group>";
		};
		4E0AA16A1CA515B90058CEC9 /* MyLib */ = {
			isa = PBXGroup;
			children = (
				4E0AA1721CA530E50058CEC9 /* MyNetWorkLib */,
			);
			path = MyLib;
			sourceTree = "<group>";
		};
		4E0AA16B1CA515C60058CEC9 /* Libs */ = {
			isa = PBXGroup;
			children = (
				4E0AA16A1CA515B90058CEC9 /* MyLib */,
				4E0AA1641CA4E10E0058CEC9 /* SysLib */,
				4E0AA1091CA4DD630058CEC9 /* ThridLib */,
			);
			name = Libs;
			sourceTree = "<group>";
		};
		4E0AA1721CA530E50058CEC9 /* MyNetWorkLib */ = {
			isa = PBXGroup;
			children = (
				4E0AA16C1CA515F00058CEC9 /* BasicRequestOperation.h */,
				4E0AA16D1CA515F00058CEC9 /* BasicRequestOperation.m */,
				4E0AA16F1CA530C90058CEC9 /* BasicRequestManagerQueue.h */,
				4E0AA1701CA530C90058CEC9 /* BasicRequestManagerQueue.m */,
			);
			path = MyNetWorkLib;
			sourceTree = "<group>";
		};
		4E0AA1731CA53BAF0058CEC9 /* NWKModel */ = {
			isa = PBXGroup;
			children = (
				4E0AA1741CA53D590058CEC9 /* CityListRequestOperation.h */,
				4E0AA1751CA53D590058CEC9 /* CityListRequestOperation.m */,
				4E0AA17D1CA548020058CEC9 /* RecentWeathersRequestOperation.h */,
				4E0AA17E1CA548020058CEC9 /* RecentWeathersRequestOperation.m */,
				4E0AA1801CA5482B0058CEC9 /* WeatherRequestOperation.h */,
				4E0AA1811CA5482B0058CEC9 /* WeatherRequestOperation.m */,
				4E0AA1831CA548630058CEC9 /* CityNameRequestOperation.h */,
				4E0AA1841CA548630058CEC9 /* CityNameRequestOperation.m */,
				4E0AA1861CA5487E0058CEC9 /* CityInfoRequestOperation.h */,
				4E0AA1871CA5487E0058CEC9 /* CityInfoRequestOperation.m */,
				4E0AA1891CA548AC0058CEC9 /* CityIdRequestOperation.h */,
				4E0AA18A1CA548AC0058CEC9 /* CityIdRequestOperation.m */,
			);
			name = NWKModel;
			path = Model/NWKModel;
			sourceTree = "<group>";
		};
		4E0AA18C1CA548CA0058CEC9 /* Common */ = {
			isa = PBXGroup;
			children = (
				4E0AA1651CA4E1430058CEC9 /* Prefix.pch */,
				4E0AA1661CA5049D0058CEC9 /* ConstInfo.h */,
				4E0AA1671CA5049D0058CEC9 /* ConstInfo.m */,
			);
			path = Common;
			sourceTree = "<group>";
		};
/* End PBXGroup section */

/* Begin PBXNativeTarget section */
		4E0AA0EE1CA4DC180058CEC9 /* OWeather */ = {
			isa = PBXNativeTarget;
			buildConfigurationList = 4E0AA1061CA4DC180058CEC9 /* Build configuration list for PBXNativeTarget "OWeather" */;
			buildPhases = (
				4E0AA0EB1CA4DC180058CEC9 /* Sources */,
				4E0AA0EC1CA4DC180058CEC9 /* Frameworks */,
				4E0AA0ED1CA4DC180058CEC9 /* Resources */,
			);
			buildRules = (
			);
			dependencies = (
			);
			name = OWeather;
			productName = OWeather;
			productReference = 4E0AA0EF1CA4DC180058CEC9 /* OWeather.app */;
			productType = "com.apple.product-type.application";
		};
/* End PBXNativeTarget section */

/* Begin PBXProject section */
		4E0AA0E71CA4DC180058CEC9 /* Project object */ = {
			isa = PBXProject;
			attributes = {
				LastUpgradeCheck = 0730;
				ORGANIZATIONNAME = youxinpai;
				TargetAttributes = {
					4E0AA0EE1CA4DC180058CEC9 = {
						CreatedOnToolsVersion = 7.3;
					};
				};
			};
			buildConfigurationList = 4E0AA0EA1CA4DC180058CEC9 /* Build configuration list for PBXProject "OWeather" */;
			compatibilityVersion = "Xcode 3.2";
			developmentRegion = English;
			hasScannedForEncodings = 0;
			knownRegions = (
				en,
				Base,
			);
			mainGroup = 4E0AA0E61CA4DC180058CEC9;
			productRefGroup = 4E0AA0F01CA4DC180058CEC9 /* Products */;
			projectDirPath = "";
			projectRoot = "";
			targets = (
				4E0AA0EE1CA4DC180058CEC9 /* OWeather */,
			);
		};
/* End PBXProject section */

/* Begin PBXResourcesBuildPhase section */
		4E0AA0ED1CA4DC180058CEC9 /* Resources */ = {
			isa = PBXResourcesBuildPhase;
			buildActionMask = 2147483647;
			files = (
				4E0AA1021CA4DC180058CEC9 /* LaunchScreen.storyboard in Resources */,
				4E0AA0FF1CA4DC180058CEC9 /* Assets.xcassets in Resources */,
				4E0AA1591CA4E0B40058CEC9 /* MJRefresh.bundle in Resources */,
				4E0AA0FD1CA4DC180058CEC9 /* Main.storyboard in Resources */,
			);
			runOnlyForDeploymentPostprocessing = 0;
		};
/* End PBXResourcesBuildPhase section */

/* Begin PBXSourcesBuildPhase section */
		4E0AA0EB1CA4DC180058CEC9 /* Sources */ = {
			isa = PBXSourcesBuildPhase;
			buildActionMask = 2147483647;
			files = (
				4E0AA14B1CA4E0B40058CEC9 /* MJRefreshAutoFooter.m in Sources */,
				4E0AA1521CA4E0B40058CEC9 /* MJRefreshAutoStateFooter.m in Sources */,
				4E0AA1541CA4E0B40058CEC9 /* MJRefreshBackNormalFooter.m in Sources */,
				4E0AA1561CA4E0B40058CEC9 /* MJRefreshGifHeader.m in Sources */,
				4E0AA15B1CA4E0B40058CEC9 /* UIScrollView+MJExtension.m in Sources */,
				4E0AA11D1CA4E08F0058CEC9 /* AFURLSessionManager.m in Sources */,
				4E0AA0FA1CA4DC180058CEC9 /* ViewController.m in Sources */,
				4E0AA14F1CA4E0B40058CEC9 /* MJRefreshHeader.m in Sources */,
				4E0AA15C1CA4E0B40058CEC9 /* UIScrollView+MJRefresh.m in Sources */,
				4E0AA1791CA5441C0058CEC9 /* BaseViewController.m in Sources */,
				4E0AA14C1CA4E0B40058CEC9 /* MJRefreshBackFooter.m in Sources */,
				4E0AA15A1CA4E0B40058CEC9 /* MJRefreshConst.m in Sources */,
				4E0AA0F71CA4DC180058CEC9 /* AppDelegate.m in Sources */,
				4E0AA1191CA4E08F0058CEC9 /* AFNetworkReachabilityManager.m in Sources */,
				4E0AA1681CA5049D0058CEC9 /* ConstInfo.m in Sources */,
				4E0AA1711CA530C90058CEC9 /* BasicRequestManagerQueue.m in Sources */,
				4E0AA1881CA5487E0058CEC9 /* CityInfoRequestOperation.m in Sources */,
				4E0AA1501CA4E0B40058CEC9 /* MJRefreshAutoGifFooter.m in Sources */,
				4E0AA0F41CA4DC180058CEC9 /* main.m in Sources */,
				4E0AA11A1CA4E08F0058CEC9 /* AFSecurityPolicy.m in Sources */,
				4E0AA18B1CA548AC0058CEC9 /* CityIdRequestOperation.m in Sources */,
				4E0AA14E1CA4E0B40058CEC9 /* MJRefreshFooter.m in Sources */,
				4E0AA1821CA5482B0058CEC9 /* WeatherRequestOperation.m in Sources */,
				4E0AA14D1CA4E0B40058CEC9 /* MJRefreshComponent.m in Sources */,
				4E0AA1531CA4E0B40058CEC9 /* MJRefreshBackGifFooter.m in Sources */,
				4E0AA11B1CA4E08F0058CEC9 /* AFURLRequestSerialization.m in Sources */,
				4E0AA1581CA4E0B40058CEC9 /* MJRefreshStateHeader.m in Sources */,
				4E0AA1551CA4E0B40058CEC9 /* MJRefreshBackStateFooter.m in Sources */,
				4E0AA15D1CA4E0B40058CEC9 /* UIView+MJExtension.m in Sources */,
				4E0AA1761CA53D590058CEC9 /* CityListRequestOperation.m in Sources */,
				4E0AA1571CA4E0B40058CEC9 /* MJRefreshNormalHeader.m in Sources */,
				4E0AA1511CA4E0B40058CEC9 /* MJRefreshAutoNormalFooter.m in Sources */,
				4E0AA16E1CA515F00058CEC9 /* BasicRequestOperation.m in Sources */,
				4E0AA17F1CA548020058CEC9 /* RecentWeathersRequestOperation.m in Sources */,
				4E0AA1851CA548630058CEC9 /* CityNameRequestOperation.m in Sources */,
				4E0AA11C1CA4E08F0058CEC9 /* AFURLResponseSerialization.m in Sources */,
				4E0AA1181CA4E08F0058CEC9 /* AFHTTPSessionManager.m in Sources */,
			);
			runOnlyForDeploymentPostprocessing = 0;
		};
/* End PBXSourcesBuildPhase section */

/* Begin PBXVariantGroup section */
		4E0AA0FB1CA4DC180058CEC9 /* Main.storyboard */ = {
			isa = PBXVariantGroup;
			children = (
				4E0AA0FC1CA4DC180058CEC9 /* Base */,
			);
			name = Main.storyboard;
			sourceTree = "<group>";
		};
		4E0AA1001CA4DC180058CEC9 /* LaunchScreen.storyboard */ = {
			isa = PBXVariantGroup;
			children = (
				4E0AA1011CA4DC180058CEC9 /* Base */,
			);
			name = LaunchScreen.storyboard;
			sourceTree = "<group>";
		};
/* End PBXVariantGroup section */

/* Begin XCBuildConfiguration section */
		4E0AA1041CA4DC180058CEC9 /* Debug */ = {
			isa = XCBuildConfiguration;
			buildSettings = {
				ALWAYS_SEARCH_USER_PATHS = NO;
				CLANG_ANALYZER_NONNULL = YES;
				CLANG_CXX_LANGUAGE_STANDARD = "gnu++0x";
				CLANG_CXX_LIBRARY = "libc++";
				CLANG_ENABLE_MODULES = YES;
				CLANG_ENABLE_OBJC_ARC = YES;
				CLANG_WARN_BOOL_CONVERSION = YES;
				CLANG_WARN_CONSTANT_CONVERSION = YES;
				CLANG_WARN_DIRECT_OBJC_ISA_USAGE = YES_ERROR;
				CLANG_WARN_EMPTY_BODY = YES;
				CLANG_WARN_ENUM_CONVERSION = YES;
				CLANG_WARN_INT_CONVERSION = YES;
				CLANG_WARN_OBJC_ROOT_CLASS = YES_ERROR;
				CLANG_WARN_UNREACHABLE_CODE = YES;
				CLANG_WARN__DUPLICATE_METHOD_MATCH = YES;
				"CODE_SIGN_IDENTITY[sdk=iphoneos*]" = "iPhone Developer";
				COPY_PHASE_STRIP = NO;
				DEBUG_INFORMATION_FORMAT = dwarf;
				ENABLE_STRICT_OBJC_MSGSEND = YES;
				ENABLE_TESTABILITY = YES;
				GCC_C_LANGUAGE_STANDARD = gnu99;
				GCC_DYNAMIC_NO_PIC = NO;
				GCC_NO_COMMON_BLOCKS = YES;
				GCC_OPTIMIZATION_LEVEL = 0;
				GCC_PREPROCESSOR_DEFINITIONS = (
					"DEBUG=1",
					"$(inherited)",
				);
				GCC_WARN_64_TO_32_BIT_CONVERSION = YES;
				GCC_WARN_ABOUT_RETURN_TYPE = YES_ERROR;
				GCC_WARN_UNDECLARED_SELECTOR = YES;
				GCC_WARN_UNINITIALIZED_AUTOS = YES_AGGRESSIVE;
				GCC_WARN_UNUSED_FUNCTION = YES;
				GCC_WARN_UNUSED_VARIABLE = YES;
				IPHONEOS_DEPLOYMENT_TARGET = 9.3;
				MTL_ENABLE_DEBUG_INFO = YES;
				ONLY_ACTIVE_ARCH = YES;
				SDKROOT = iphoneos;
			};
			name = Debug;
		};
		4E0AA1051CA4DC180058CEC9 /* Release */ = {
			isa = XCBuildConfiguration;
			buildSettings = {
				ALWAYS_SEARCH_USER_PATHS = NO;
				CLANG_ANALYZER_NONNULL = YES;
				CLANG_CXX_LANGUAGE_STANDARD = "gnu++0x";
				CLANG_CXX_LIBRARY = "libc++";
				CLANG_ENABLE_MODULES = YES;
				CLANG_ENABLE_OBJC_ARC = YES;
				CLANG_WARN_BOOL_CONVERSION = YES;
				CLANG_WARN_CONSTANT_CONVERSION = YES;
				CLANG_WARN_DIRECT_OBJC_ISA_USAGE = YES_ERROR;
				CLANG_WARN_EMPTY_BODY = YES;
				CLANG_WARN_ENUM_CONVERSION = YES;
				CLANG_WARN_INT_CONVERSION = YES;
				CLANG_WARN_OBJC_ROOT_CLASS = YES_ERROR;
				CLANG_WARN_UNREACHABLE_CODE = YES;
				CLANG_WARN__DUPLICATE_METHOD_MATCH = YES;
				"CODE_SIGN_IDENTITY[sdk=iphoneos*]" = "iPhone Developer";
				COPY_PHASE_STRIP = NO;
				DEBUG_INFORMATION_FORMAT = "dwarf-with-dsym";
				ENABLE_NS_ASSERTIONS = NO;
				ENABLE_STRICT_OBJC_MSGSEND = YES;
				GCC_C_LANGUAGE_STANDARD = gnu99;
				GCC_NO_COMMON_BLOCKS = YES;
				GCC_WARN_64_TO_32_BIT_CONVERSION = YES;
				GCC_WARN_ABOUT_RETURN_TYPE = YES_ERROR;
				GCC_WARN_UNDECLARED_SELECTOR = YES;
				GCC_WARN_UNINITIALIZED_AUTOS = YES_AGGRESSIVE;
				GCC_WARN_UNUSED_FUNCTION = YES;
				GCC_WARN_UNUSED_VARIABLE = YES;
				IPHONEOS_DEPLOYMENT_TARGET = 9.3;
				MTL_ENABLE_DEBUG_INFO = NO;
				SDKROOT = iphoneos;
				VALIDATE_PRODUCT = YES;
			};
			name = Release;
		};
		4E0AA1071CA4DC180058CEC9 /* Debug */ = {
			isa = XCBuildConfiguration;
			buildSettings = {
				ASSETCATALOG_COMPILER_APPICON_NAME = AppIcon;
				GCC_PREFIX_HEADER = "$(SRCROOT)/OWeather/Prefix.pch";
				INFOPLIST_FILE = OWeather/Info.plist;
				LD_RUNPATH_SEARCH_PATHS = "$(inherited) @executable_path/Frameworks";
				PRODUCT_BUNDLE_IDENTIFIER = com.youxinpai.OWeather;
				PRODUCT_NAME = "$(TARGET_NAME)";
			};
			name = Debug;
		};
		4E0AA1081CA4DC180058CEC9 /* Release */ = {
			isa = XCBuildConfiguration;
			buildSettings = {
				ASSETCATALOG_COMPILER_APPICON_NAME = AppIcon;
				GCC_PREFIX_HEADER = "$(SRCROOT)/OWeather/Prefix.pch";
				INFOPLIST_FILE = OWeather/Info.plist;
				LD_RUNPATH_SEARCH_PATHS = "$(inherited) @executable_path/Frameworks";
				PRODUCT_BUNDLE_IDENTIFIER = com.youxinpai.OWeather;
				PRODUCT_NAME = "$(TARGET_NAME)";
			};
			name = Release;
		};
/* End XCBuildConfiguration section */

/* Begin XCConfigurationList section */
		4E0AA0EA1CA4DC180058CEC9 /* Build configuration list for PBXProject "OWeather" */ = {
			isa = XCConfigurationList;
			buildConfigurations = (
				4E0AA1041CA4DC180058CEC9 /* Debug */,
				4E0AA1051CA4DC180058CEC9 /* Release */,
			);
			defaultConfigurationIsVisible = 0;
			defaultConfigurationName = Release;
		};
		4E0AA1061CA4DC180058CEC9 /* Build configuration list for PBXNativeTarget "OWeather" */ = {
			isa = XCConfigurationList;
			buildConfigurations = (
				4E0AA1071CA4DC180058CEC9 /* Debug */,
				4E0AA1081CA4DC180058CEC9 /* Release */,
			);
			defaultConfigurationIsVisible = 0;
			defaultConfigurationName = Release;
		};
/* End XCConfigurationList section */
	};
	rootObject = 4E0AA0E71CA4DC180058CEC9 /* Project object */;
}
